
Microsoft Visual Studio Solution File, Format Version 12.00
# Visual Studio Version 16
VisualStudioVersion = 16.0.31702.278
MinimumVisualStudioVersion = 10.0.40219.1
Project("{FAE04EC0-301F-11D3-BF4B-00C04F79EFBC}") = "QueueService", "QueueService\QueueService.csproj", "{59F26B29-BB7F-46F3-A39E-E1815170842E}"
EndProject
Global
	GlobalSection(SolutionConfigurationPlatforms) = preSolution
		Debug|Any CPU = Debug|Any CPU
		Release|Any CPU = Release|Any CPU
	EndGlobalSection
	GlobalSection(ProjectConfigurationPlatforms) = postSolution
		{59F26B29-BB7F-46F3-A39E-E1815170842E}.Debug|Any CPU.ActiveCfg = Debug|Any CPU
		{59F26B29-BB7F-46F3-A39E-E1815170842E}.Debug|Any CPU.Build.0 = Debug|Any CPU
		{59F26B29-BB7F-46F3-A39E-E1815170842E}.Release|Any CPU.ActiveCfg = Release|Any CPU
		{59F26B29-BB7F-46F3-A39E-E1815170842E}.Release|Any CPU.Build.0 = Release|Any CPU
	EndGlobalSection
	GlobalSection(SolutionProperties) = preSolution
		HideSolutionNode = FALSE
	EndGlobalSection
	GlobalSection(ExtensibilityGlobals) = postSolution
		SolutionGuid = {722C584D-0B06-4042-8A0B-69472CE89898}
	EndGlobalSection
EndGlobal
